{
  "name": "stackchan-web",
  "version": "0.1.0",
  "lockfileVersion": 3,
  "requires": true,
  "packages": {
    "": {
      "name": "stackchan-web",
      "version": "0.1.0",
      "dependencies": {
        "lucide": "^1.25.0"
      },
      "devDependencies": {
        "playwright-core": "^1.61.1",
        "prettier": "^3.9.5"
      }
    },
    "node_modules/lucide": {
      "version": "1.25.0",
      "resolved": "https://registry.npmjs.org/lucide/-/lucide-1.25.0.tgz",
      "integrity": "sha512-Pg/9Ga1xTbrnI6GY/7J9krIYmJIkAf3PkK6wPmsAeUtAQsBdGxs1+dfvLqjf9nPI5aFm9+VquT75JGpO3QXSpQ==",
      "license": "ISC"
    },
    "node_modules/playwright-core": {
      "version": "1.61.1",
      "resolved": "https://registry.npmjs.org/playwright-core/-/playwright-core-1.61.1.tgz",
      "integrity": "sha512-h7Qlt6m4REp25qvIdvbDtVmD4LqVXfpRxhORv9L0jzETM05p4fuPJ3dKyuSXQxDSbXnmS79HAgi9589lGSpLkg==",
      "dev": true,
      "license": "Apache-2.0",
      "bin": {
        "playwright-core": "cli.js"
      },
      "engines": {
        "node": ">=18"
      }
    },
    "node_modules/prettier": {
      "version": "3.9.5",
      "resolved": "https://registry.npmjs.org/prettier/-/prettier-3.9.5.tgz",
      "integrity": "sha512-/FVl766LpUfB5vXgCYOYa0MeV/441Ia99AeICQIQFTY/Nw0roZwULcXpku5i1/m5kt/baz+s4Zogspd839HSMg==",
      "dev": true,
      "license": "MIT",
      "bin": {
        "prettier": "bin/prettier.cjs"
      },
      "engines": {
        "node": ">=14"
      },
      "funding": {
        "url": "https://github.com/prettier/prettier?sponsor=1"
      }
    }
  }
}
